// !$*UTF8*$!
{
	archiveVersion = 1;
	classes = {
	};
	objectVersion = 50;
	objects = {

/* Begin PBXBuildFile section */
		9341E3582360E06900F30843 /* TasksViewController.swift in Sources */ = {isa = PBXBuildFile; fileRef = 9341E3572360E06900F30843 /* TasksViewController.swift */; };
		9341E35A2360E09C00F30843 /* TaskDetailViewController.swift in Sources */ = {isa = PBXBuildFile; fileRef = 9341E3592360E09C00F30843 /* TaskDetailViewController.swift */; };
		936D3755235F6B7D001E3FE9 /* IconPickerViewController.swift in Sources */ = {isa = PBXBuildFile; fileRef = 936D3754235F6B7D001E3FE9 /* IconPickerViewController.swift */; };
		93B7CD5A236212390054DC98 /* TaskCell.swift in Sources */ = {isa = PBXBuildFile; fileRef = 93B7CD59236212390054DC98 /* TaskCell.swift */; };
		93B8DBF1235C560C0015602B /* AppDelegate.swift in Sources */ = {isa = PBXBuildFile; fileRef = 93B8DBF0235C560C0015602B /* AppDelegate.swift */; };
		93B8DBF3235C560C0015602B /* SceneDelegate.swift in Sources */ = {isa = PBXBuildFile; fileRef = 93B8DBF2235C560C0015602B /* SceneDelegate.swift */; };
		93B8DBF8235C560C0015602B /* Main.storyboard in Resources */ = {isa = PBXBuildFile; fileRef = 93B8DBF6235C560C0015602B /* Main.storyboard */; };
		93B8DBFA235C560E0015602B /* Assets.xcassets in Resources */ = {isa = PBXBuildFile; fileRef = 93B8DBF9235C560E0015602B /* Assets.xcassets */; };
		93B8DBFD235C560E0015602B /* LaunchScreen.storyboard in Resources */ = {isa = PBXBuildFile; fileRef = 93B8DBFB235C560E0015602B /* LaunchScreen.storyboard */; };
		93B8DC07235CC5E20015602B /* Task.swift in Sources */ = {isa = PBXBuildFile; fileRef = 93B8DC06235CC5E20015602B /* Task.swift */; };
		93B8DC09235CC6130015602B /* Project.swift in Sources */ = {isa = PBXBuildFile; fileRef = 93B8DC08235CC6130015602B /* Project.swift */; };
		93B8DC0B235CC65F0015602B /* DataModel.swift in Sources */ = {isa = PBXBuildFile; fileRef = 93B8DC0A235CC65F0015602B /* DataModel.swift */; };
		93B8DC0D235CDF1A0015602B /* ProjectDetailViewController.swift in Sources */ = {isa = PBXBuildFile; fileRef = 93B8DC0C235CDF1A0015602B /* ProjectDetailViewController.swift */; };
		93B8DC0F235CDF710015602B /* ProjectsViewController.swift in Sources */ = {isa = PBXBuildFile; fileRef = 93B8DC0E235CDF710015602B /* ProjectsViewController.swift */; };
/* End PBXBuildFile section */

/* Begin PBXFileReference section */
		9341E3572360E06900F30843 /* TasksViewController.swift */ = {isa = PBXFileReference; lastKnownFileType = sourcecode.swift; path = TasksViewController.swift; sourceTree = "<group>"; };
		9341E3592360E09C00F30843 /* TaskDetailViewController.swift */ = {isa = PBXFileReference; lastKnownFileType = sourcecode.swift; path = TaskDetailViewController.swift; sourceTree = "<group>"; };
		936D3754235F6B7D001E3FE9 /* IconPickerViewController.swift */ = {isa = PBXFileReference; lastKnownFileType = sourcecode.swift; path = IconPickerViewController.swift; sourceTree = "<group>"; };
		93B7CD59236212390054DC98 /* TaskCell.swift */ = {isa = PBXFileReference; lastKnownFileType = sourcecode.swift; path = TaskCell.swift; sourceTree = "<group>"; };
		93B8DBED235C560C0015602B /* Done!.app */ = {isa = PBXFileReference; explicitFileType = wrapper.application; includeInIndex = 0; path = "Done!.app"; sourceTree = BUILT_PRODUCTS_DIR; };
		93B8DBF0235C560C0015602B /* AppDelegate.swift */ = {isa = PBXFileReference; lastKnownFileType = sourcecode.swift; path = AppDelegate.swift; sourceTree = "<group>"; };
		93B8DBF2235C560C0015602B /* SceneDelegate.swift */ = {isa = PBXFileReference; lastKnownFileType = sourcecode.swift; path = SceneDelegate.swift; sourceTree = "<group>"; };
		93B8DBF7235C560C0015602B /* Base */ = {isa = PBXFileReference; lastKnownFileType = file.storyboard; name = Base; path = Base.lproj/Main.storyboard; sourceTree = "<group>"; };
		93B8DBF9235C560E0015602B /* Assets.xcassets */ = {isa = PBXFileReference; lastKnownFileType = folder.assetcatalog; path = Assets.xcassets; sourceTree = "<group>"; };
		93B8DBFC235C560E0015602B /* Base */ = {isa = PBXFileReference; lastKnownFileType = file.storyboard; name = Base; path = Base.lproj/LaunchScreen.storyboard; sourceTree = "<group>"; };
		93B8DBFE235C560E0015602B /* Info.plist */ = {isa = PBXFileReference; lastKnownFileType = text.plist.xml; path = Info.plist; sourceTree = "<group>"; };
		93B8DC06235CC5E20015602B /* Task.swift */ = {isa = PBXFileReference; lastKnownFileType = sourcecode.swift; path = Task.swift; sourceTree = "<group>"; };
		93B8DC08235CC6130015602B /* Project.swift */ = {isa = PBXFileReference; lastKnownFileType = sourcecode.swift; path = Project.swift; sourceTree = "<group>"; };
		93B8DC0A235CC65F0015602B /* DataModel.swift */ = {isa = PBXFileReference; lastKnownFileType = sourcecode.swift; path = DataModel.swift; sourceTree = "<group>"; };
		93B8DC0C235CDF1A0015602B /* ProjectDetailViewController.swift */ = {isa = PBXFileReference; lastKnownFileType = sourcecode.swift; path = ProjectDetailViewController.swift; sourceTree = "<group>"; };
		93B8DC0E235CDF710015602B /* ProjectsViewController.swift */ = {isa = PBXFileReference; lastKnownFileType = sourcecode.swift; path = ProjectsViewController.swift; sourceTree = "<group>"; };
/* End PBXFileReference section */

/* Begin PBXFrameworksBuildPhase section */
		93B8DBEA235C560C0015602B /* Frameworks */ = {
			isa = PBXFrameworksBuildPhase;
			buildActionMask = 2147483647;
			files = (
			);
			runOnlyForDeploymentPostprocessing = 0;
		};
/* End PBXFrameworksBuildPhase section */

/* Begin PBXGroup section */
		93B7CD5B2362123F0054DC98 /* View */ = {
			isa = PBXGroup;
			children = (
				93B8DBF6235C560C0015602B /* Main.storyboard */,
				93B7CD59236212390054DC98 /* TaskCell.swift */,
			);
			path = View;
			sourceTree = "<group>";
		};
		93B8DBE4235C560C0015602B = {
			isa = PBXGroup;
			children = (
				93B8DBEF235C560C0015602B /* Done! */,
				93B8DBEE235C560C0015602B /* Products */,
			);
			sourceTree = "<group>";
		};
		93B8DBEE235C560C0015602B /* Products */ = {
			isa = PBXGroup;
			children = (
				93B8DBED235C560C0015602B /* Done!.app */,
			);
			name = Products;
			sourceTree = "<group>";
		};
		93B8DBEF235C560C0015602B /* Done! */ = {
			isa = PBXGroup;
			children = (
				93B8DBF0235C560C0015602B /* AppDelegate.swift */,
				93B8DBF2235C560C0015602B /* SceneDelegate.swift */,
				93B8DC05235CC5A20015602B /* Controller */,
				93B8DC04235CC5930015602B /* DataModel */,
				93B7CD5B2362123F0054DC98 /* View */,
				93B8DBF9235C560E0015602B /* Assets.xcassets */,
				93B8DBFB235C560E0015602B /* LaunchScreen.storyboard */,
				93B8DBFE235C560E0015602B /* Info.plist */,
			);
			path = "Done!";
			sourceTree = "<group>";
		};
		93B8DC04235CC5930015602B /* DataModel */ = {
			isa = PBXGroup;
			children = (
				93B8DC06235CC5E20015602B /* Task.swift */,
				93B8DC08235CC6130015602B /* Project.swift */,
				93B8DC0A235CC65F0015602B /* DataModel.swift */,
			);
			path = DataModel;
			sourceTree = "<group>";
		};
		93B8DC05235CC5A20015602B /* Controller */ = {
			isa = PBXGroup;
			children = (
				93B8DC0C235CDF1A0015602B /* ProjectDetailViewController.swift */,
				93B8DC0E235CDF710015602B /* ProjectsViewController.swift */,
				936D3754235F6B7D001E3FE9 /* IconPickerViewController.swift */,
				9341E3572360E06900F30843 /* TasksViewController.swift */,
				9341E3592360E09C00F30843 /* TaskDetailViewController.swift */,
			);
			path = Controller;
			sourceTree = "<group>";
		};
/* End PBXGroup section */

/* Begin PBXNativeTarget section */
		93B8DBEC235C560C0015602B /* Done! */ = {
			isa = PBXNativeTarget;
			buildConfigurationList = 93B8DC01235C560E0015602B /* Build configuration list for PBXNativeTarget "Done!" */;
			buildPhases = (
				93B8DBE9235C560C0015602B /* Sources */,
				93B8DBEA235C560C0015602B /* Frameworks */,
				93B8DBEB235C560C0015602B /* Resources */,
			);
			buildRules = (
			);
			dependencies = (
			);
			name = "Done!";
			productName = "Done!";
			productReference = 93B8DBED235C560C0015602B /* Done!.app */;
			productType = "com.apple.product-type.application";
		};
/* End PBXNativeTarget section */

/* Begin PBXProject section */
		93B8DBE5235C560C0015602B /* Project object */ = {
			isa = PBXProject;
			attributes = {
				LastSwiftUpdateCheck = 1110;
				LastUpgradeCheck = 1110;
				ORGANIZATIONNAME = "flavio scerra";
				TargetAttributes = {
					93B8DBEC235C560C0015602B = {
						CreatedOnToolsVersion = 11.1;
					};
				};
			};
			buildConfigurationList = 93B8DBE8235C560C0015602B /* Build configuration list for PBXProject "Done!" */;
			compatibilityVersion = "Xcode 9.3";
			developmentRegion = en;
			hasScannedForEncodings = 0;
			knownRegions = (
				en,
				Base,
			);
			mainGroup = 93B8DBE4235C560C0015602B;
			productRefGroup = 93B8DBEE235C560C0015602B /* Products */;
			projectDirPath = "";
			projectRoot = "";
			targets = (
				93B8DBEC235C560C0015602B /* Done! */,
			);
		};
/* End PBXProject section */

/* Begin PBXResourcesBuildPhase section */
		93B8DBEB235C560C0015602B /* Resources */ = {
			isa = PBXResourcesBuildPhase;
			buildActionMask = 2147483647;
			files = (
				93B8DBFD235C560E0015602B /* LaunchScreen.storyboard in Resources */,
				93B8DBFA235C560E0015602B /* Assets.xcassets in Resources */,
				93B8DBF8235C560C0015602B /* Main.storyboard in Resources */,
			);
			runOnlyForDeploymentPostprocessing = 0;
		};
/* End PBXResourcesBuildPhase section */

/* Begin PBXSourcesBuildPhase section */
		93B8DBE9235C560C0015602B /* Sources */ = {
			isa = PBXSourcesBuildPhase;
			buildActionMask = 2147483647;
			files = (
				93B8DC0F235CDF710015602B /* ProjectsViewController.swift in Sources */,
				93B8DC07235CC5E20015602B /* Task.swift in Sources */,
				936D3755235F6B7D001E3FE9 /* IconPickerViewController.swift in Sources */,
				93B8DBF1235C560C0015602B /* AppDelegate.swift in Sources */,
				93B8DC0D235CDF1A0015602B /* ProjectDetailViewController.swift in Sources */,
				9341E35A2360E09C00F30843 /* TaskDetailViewController.swift in Sources */,
				93B8DC09235CC6130015602B /* Project.swift in Sources */,
				93B7CD5A236212390054DC98 /* TaskCell.swift in Sources */,
				9341E3582360E06900F30843 /* TasksViewController.swift in Sources */,
				93B8DBF3235C560C0015602B /* SceneDelegate.swift in Sources */,
				93B8DC0B235CC65F0015602B /* DataModel.swift in Sources */,
			);
			runOnlyForDeploymentPostprocessing = 0;
		};
/* End PBXSourcesBuildPhase section */

/* Begin PBXVariantGroup section */
		93B8DBF6235C560C0015602B /* Main.storyboard */ = {
			isa = PBXVariantGroup;
			children = (
				93B8DBF7235C560C0015602B /* Base */,
			);
			name = Main.storyboard;
			sourceTree = "<group>";
		};
		93B8DBFB235C560E0015602B /* LaunchScreen.storyboard */ = {
			isa = PBXVariantGroup;
			children = (
				93B8DBFC235C560E0015602B /* Base */,
			);
			name = LaunchScreen.storyboard;
			sourceTree = "<group>";
		};
/* End PBXVariantGroup section */

/* Begin XCBuildConfiguration section */
		93B8DBFF235C560E0015602B /* Debug */ = {
			isa = XCBuildConfiguration;
			buildSettings = {
				ALWAYS_SEARCH_USER_PATHS = NO;
				CLANG_ANALYZER_NONNULL = YES;
				CLANG_ANALYZER_NUMBER_OBJECT_CONVERSION = YES_AGGRESSIVE;
				CLANG_CXX_LANGUAGE_STANDARD = "gnu++14";
				CLANG_CXX_LIBRARY = "libc++";
				CLANG_ENABLE_MODULES = YES;
				CLANG_ENABLE_OBJC_ARC = YES;
				CLANG_ENABLE_OBJC_WEAK = YES;
				CLANG_WARN_BLOCK_CAPTURE_AUTORELEASING = YES;
				CLANG_WARN_BOOL_CONVERSION = YES;
				CLANG_WARN_COMMA = YES;
				CLANG_WARN_CONSTANT_CONVERSION = YES;
				CLANG_WARN_DEPRECATED_OBJC_IMPLEMENTATIONS = YES;
				CLANG_WARN_DIRECT_OBJC_ISA_USAGE = YES_ERROR;
				CLANG_WARN_DOCUMENTATION_COMMENTS = YES;
				CLANG_WARN_EMPTY_BODY = YES;
				CLANG_WARN_ENUM_CONVERSION = YES;
				CLANG_WARN_INFINITE_RECURSION = YES;
				CLANG_WARN_INT_CONVERSION = YES;
				CLANG_WARN_NON_LITERAL_NULL_CONVERSION = YES;
				CLANG_WARN_OBJC_IMPLICIT_RETAIN_SELF = YES;
				CLANG_WARN_OBJC_LITERAL_CONVERSION = YES;
				CLANG_WARN_OBJC_ROOT_CLASS = YES_ERROR;
				CLANG_WARN_RANGE_LOOP_ANALYSIS = YES;
				CLANG_WARN_STRICT_PROTOTYPES = YES;
				CLANG_WARN_SUSPICIOUS_MOVE = YES;
				CLANG_WARN_UNGUARDED_AVAILABILITY = YES_AGGRESSIVE;
				CLANG_WARN_UNREACHABLE_CODE = YES;
				CLANG_WARN__DUPLICATE_METHOD_MATCH = YES;
				COPY_PHASE_STRIP = NO;
				DEBUG_INFORMATION_FORMAT = dwarf;
				ENABLE_STRICT_OBJC_MSGSEND = YES;
				ENABLE_TESTABILITY = YES;
				GCC_C_LANGUAGE_STANDARD = gnu11;
				GCC_DYNAMIC_NO_PIC = NO;
				GCC_NO_COMMON_BLOCKS = YES;
				GCC_OPTIMIZATION_LEVEL = 0;
				GCC_PREPROCESSOR_DEFINITIONS = (
					"DEBUG=1",
					"$(inherited)",
				);
				GCC_WARN_64_TO_32_BIT_CONVERSION = YES;
				GCC_WARN_ABOUT_RETURN_TYPE = YES_ERROR;
				GCC_WARN_UNDECLARED_SELECTOR = YES;
				GCC_WARN_UNINITIALIZED_AUTOS = YES_AGGRESSIVE;
				GCC_WARN_UNUSED_FUNCTION = YES;
				GCC_WARN_UNUSED_VARIABLE = YES;
				IPHONEOS_DEPLOYMENT_TARGET = 12.0;
				MTL_ENABLE_DEBUG_INFO = INCLUDE_SOURCE;
				MTL_FAST_MATH = YES;
				ONLY_ACTIVE_ARCH = YES;
				SDKROOT = iphoneos;
				SWIFT_ACTIVE_COMPILATION_CONDITIONS = DEBUG;
				SWIFT_OPTIMIZATION_LEVEL = "-Onone";
			};
			name = Debug;
		};
		93B8DC00235C560E0015602B /* Release */ = {
			isa = XCBuildConfiguration;
			buildSettings = {
				ALWAYS_SEARCH_USER_PATHS = NO;
				CLANG_ANALYZER_NONNULL = YES;
				CLANG_ANALYZER_NUMBER_OBJECT_CONVERSION = YES_AGGRESSIVE;
				CLANG_CXX_LANGUAGE_STANDARD = "gnu++14";
				CLANG_CXX_LIBRARY = "libc++";
				CLANG_ENABLE_MODULES = YES;
				CLANG_ENABLE_OBJC_ARC = YES;
				CLANG_ENABLE_OBJC_WEAK = YES;
				CLANG_WARN_BLOCK_CAPTURE_AUTORELEASING = YES;
				CLANG_WARN_BOOL_CONVERSION = YES;
				CLANG_WARN_COMMA = YES;
				CLANG_WARN_CONSTANT_CONVERSION = YES;
				CLANG_WARN_DEPRECATED_OBJC_IMPLEMENTATIONS = YES;
				CLANG_WARN_DIRECT_OBJC_ISA_USAGE = YES_ERROR;
				CLANG_WARN_DOCUMENTATION_COMMENTS = YES;
				CLANG_WARN_EMPTY_BODY = YES;
				CLANG_WARN_ENUM_CONVERSION = YES;
				CLANG_WARN_INFINITE_RECURSION = YES;
				CLANG_WARN_INT_CONVERSION = YES;
				CLANG_WARN_NON_LITERAL_NULL_CONVERSION = YES;
				CLANG_WARN_OBJC_IMPLICIT_RETAIN_SELF = YES;
				CLANG_WARN_OBJC_LITERAL_CONVERSION = YES;
				CLANG_WARN_OBJC_ROOT_CLASS = YES_ERROR;
				CLANG_WARN_RANGE_LOOP_ANALYSIS = YES;
				CLANG_WARN_STRICT_PROTOTYPES = YES;
				CLANG_WARN_SUSPICIOUS_MOVE = YES;
				CLANG_WARN_UNGUARDED_AVAILABILITY = YES_AGGRESSIVE;
				CLANG_WARN_UNREACHABLE_CODE = YES;
				CLANG_WARN__DUPLICATE_METHOD_MATCH = YES;
				COPY_PHASE_STRIP = NO;
				DEBUG_INFORMATION_FORMAT = "dwarf-with-dsym";
				ENABLE_NS_ASSERTIONS = NO;
				ENABLE_STRICT_OBJC_MSGSEND = YES;
				GCC_C_LANGUAGE_STANDARD = gnu11;
				GCC_NO_COMMON_BLOCKS = YES;
				GCC_WARN_64_TO_32_BIT_CONVERSION = YES;
				GCC_WARN_ABOUT_RETURN_TYPE = YES_ERROR;
				GCC_WARN_UNDECLARED_SELECTOR = YES;
				GCC_WARN_UNINITIALIZED_AUTOS = YES_AGGRESSIVE;
				GCC_WARN_UNUSED_FUNCTION = YES;
				GCC_WARN_UNUSED_VARIABLE = YES;
				IPHONEOS_DEPLOYMENT_TARGET = 12.0;
				MTL_ENABLE_DEBUG_INFO = NO;
				MTL_FAST_MATH = YES;
				SDKROOT = iphoneos;
				SWIFT_COMPILATION_MODE = wholemodule;
				SWIFT_OPTIMIZATION_LEVEL = "-O";
				VALIDATE_PRODUCT = YES;
			};
			name = Release;
		};
		93B8DC02235C560E0015602B /* Debug */ = {
			isa = XCBuildConfiguration;
			buildSettings = {
				ASSETCATALOG_COMPILER_APPICON_NAME = AppIcon;
				CODE_SIGN_STYLE = Automatic;
				DEVELOPMENT_TEAM = 373L3T4VUM;
				INFOPLIST_FILE = "Done!/Info.plist";
				LD_RUNPATH_SEARCH_PATHS = (
					"$(inherited)",
					"@executable_path/Frameworks",
				);
				PRODUCT_BUNDLE_IDENTIFIER = "com.scerra.Done-";
				PRODUCT_NAME = "$(TARGET_NAME)";
				SWIFT_VERSION = 5.0;
				TARGETED_DEVICE_FAMILY = 1;
			};
			name = Debug;
		};
		93B8DC03235C560E0015602B /* Release */ = {
			isa = XCBuildConfiguration;
			buildSettings = {
				ASSETCATALOG_COMPILER_APPICON_NAME = AppIcon;
				CODE_SIGN_STYLE = Automatic;
				DEVELOPMENT_TEAM = 373L3T4VUM;
				INFOPLIST_FILE = "Done!/Info.plist";
				LD_RUNPATH_SEARCH_PATHS = (
					"$(inherited)",
					"@executable_path/Frameworks",
				);
				PRODUCT_BUNDLE_IDENTIFIER = "com.scerra.Done-";
				PRODUCT_NAME = "$(TARGET_NAME)";
				SWIFT_VERSION = 5.0;
				TARGETED_DEVICE_FAMILY = 1;
			};
			name = Release;
		};
/* End XCBuildConfiguration section */

/* Begin XCConfigurationList section */
		93B8DBE8235C560C0015602B /* Build configuration list for PBXProject "Done!" */ = {
			isa = XCConfigurationList;
			buildConfigurations = (
				93B8DBFF235C560E0015602B /* Debug */,
				93B8DC00235C560E0015602B /* Release */,
			);
			defaultConfigurationIsVisible = 0;
			defaultConfigurationName = Release;
		};
		93B8DC01235C560E0015602B /* Build configuration list for PBXNativeTarget "Done!" */ = {
			isa = XCConfigurationList;
			buildConfigurations = (
				93B8DC02235C560E0015602B /* Debug */,
				93B8DC03235C560E0015602B /* Release */,
			);
			defaultConfigurationIsVisible = 0;
			defaultConfigurationName = Release;
		};
/* End XCConfigurationList section */
	};
	rootObject = 93B8DBE5235C560C0015602B /* Project object */;
}
